
Microsoft Visual Studio Solution File, Format Version 12.00
# Visual Studio Version 16
VisualStudioVersion = 16.0.33130.400
MinimumVisualStudioVersion = 10.0.40219.1
Project("{FAE04EC0-301F-11D3-BF4B-00C04F79EFBC}") = "NDetective", "NDetective\NDetective.csproj", "{163531FD-6B26-4707-98E6-D373421134D6}"
EndProject
Global
	GlobalSection(SolutionConfigurationPlatforms) = preSolution
		Debug|Any CPU = Debug|Any CPU
		Release|Any CPU = Release|Any CPU
	EndGlobalSection
	GlobalSection(ProjectConfigurationPlatforms) = postSolution
		{163531FD-6B26-4707-98E6-D373421134D6}.Debug|Any CPU.ActiveCfg = Debug|Any CPU
		{163531FD-6B26-4707-98E6-D373421134D6}.Debug|Any CPU.Build.0 = Debug|Any CPU
		{163531FD-6B26-4707-98E6-D373421134D6}.Release|Any CPU.ActiveCfg = Release|Any CPU
		{163531FD-6B26-4707-98E6-D373421134D6}.Release|Any CPU.Build.0 = Release|Any CPU
	EndGlobalSection
	GlobalSection(SolutionProperties) = preSolution
		HideSolutionNode = FALSE
	EndGlobalSection
	GlobalSection(ExtensibilityGlobals) = postSolution
		SolutionGuid = {33EC678A-1860-43D5-BDB1-BABCDD0FEA45}
	EndGlobalSection
EndGlobal
